
Microsoft Visual Studio Solution File, Format Version 12.00
# Visual Studio Version 17
VisualStudioVersion = 17.3.32804.467
MinimumVisualStudioVersion = 10.0.40219.1
Project("{FAE04EC0-301F-11D3-BF4B-00C04F79EFBC}") = "exercicio_es01", "exercicio_es01.csproj", "{03484EA4-4D0D-4044-9570-5B3F861D8A43}"
EndProject
Global
	GlobalSection(SolutionConfigurationPlatforms) = preSolution
		Debug|Any CPU = Debug|Any CPU
		Release|Any CPU = Release|Any CPU
	EndGlobalSection
	GlobalSection(ProjectConfigurationPlatforms) = postSolution
		{03484EA4-4D0D-4044-9570-5B3F861D8A43}.Debug|Any CPU.ActiveCfg = Debug|Any CPU
		{03484EA4-4D0D-4044-9570-5B3F861D8A43}.Debug|Any CPU.Build.0 = Debug|Any CPU
		{03484EA4-4D0D-4044-9570-5B3F861D8A43}.Release|Any CPU.ActiveCfg = Release|Any CPU
		{03484EA4-4D0D-4044-9570-5B3F861D8A43}.Release|Any CPU.Build.0 = Release|Any CPU
	EndGlobalSection
	GlobalSection(SolutionProperties) = preSolution
		HideSolutionNode = FALSE
	EndGlobalSection
	GlobalSection(ExtensibilityGlobals) = postSolution
		SolutionGuid = {6126B44D-A083-4D55-8C02-FDF94852C858}
	EndGlobalSection
EndGlobal
